{
	"name": "nahormaar",
	"version": "0.1.0",
	"lockfileVersion": 3,
	"requires": true,
	"packages": {
		"": {
			"name": "nahormaar",
			"version": "0.1.0",
			"license": "MPL-2.0",
			"workspaces": [
				"frontend"
			],
			"engines": {
				"node": ">=22"
			}
		},
		"frontend": {
			"name": "nahormaar-frontend",
			"version": "0.1.0",
			"license": "MPL-2.0",
			"engines": {
				"node": ">=22"
			}
		},
		"node_modules/nahormaar-frontend": {
			"resolved": "frontend",
			"link": true
		}
	}
}
